
Microsoft Visual Studio Solution File, Format Version 12.00
# Visual Studio Version 17
VisualStudioVersion = 17.2.32505.173
MinimumVisualStudioVersion = 10.0.40219.1
Project("{9A19103F-16F7-4668-BE54-9A1E7A4F7556}") = "BeitHapsanter_Api", "BeitHapsanter_Api\BeitHapsanter_Api.csproj", "{86E3E56B-E5F8-4753-8EBC-7B07B40CD2BB}"
EndProject
Project("{9A19103F-16F7-4668-BE54-9A1E7A4F7556}") = "BeitHapsanter_Core", "BeitHapsanter_Core\BeitHapsanter_Core.csproj", "{C93A3A9F-9F13-4EF5-A4E6-DF4BC4702101}"
EndProject
Project("{9A19103F-16F7-4668-BE54-9A1E7A4F7556}") = "BeitHapsanter_Data", "BeitHapsanter_Data\BeitHapsanter_Data.csproj", "{619C88BB-2B2B-46A5-87A8-015D472C520F}"
EndProject
Project("{9A19103F-16F7-4668-BE54-9A1E7A4F7556}") = "BeitHapsanter_Service", "BeitHapsanter_Service\BeitHapsanter_Service.csproj", "{227D3879-2B5E-4A71-87EA-A0068B1BD041}"
EndProject
Global
	GlobalSection(SolutionConfigurationPlatforms) = preSolution
		Debug|Any CPU = Debug|Any CPU
		Release|Any CPU = Release|Any CPU
	EndGlobalSection
	GlobalSection(ProjectConfigurationPlatforms) = postSolution
		{86E3E56B-E5F8-4753-8EBC-7B07B40CD2BB}.Debug|Any CPU.ActiveCfg = Debug|Any CPU
		{86E3E56B-E5F8-4753-8EBC-7B07B40CD2BB}.Debug|Any CPU.Build.0 = Debug|Any CPU
		{86E3E56B-E5F8-4753-8EBC-7B07B40CD2BB}.Release|Any CPU.ActiveCfg = Release|Any CPU
		{86E3E56B-E5F8-4753-8EBC-7B07B40CD2BB}.Release|Any CPU.Build.0 = Release|Any CPU
		{C93A3A9F-9F13-4EF5-A4E6-DF4BC4702101}.Debug|Any CPU.ActiveCfg = Debug|Any CPU
		{C93A3A9F-9F13-4EF5-A4E6-DF4BC4702101}.Debug|Any CPU.Build.0 = Debug|Any CPU
		{C93A3A9F-9F13-4EF5-A4E6-DF4BC4702101}.Release|Any CPU.ActiveCfg = Release|Any CPU
		{C93A3A9F-9F13-4EF5-A4E6-DF4BC4702101}.Release|Any CPU.Build.0 = Release|Any CPU
		{619C88BB-2B2B-46A5-87A8-015D472C520F}.Debug|Any CPU.ActiveCfg = Debug|Any CPU
		{619C88BB-2B2B-46A5-87A8-015D472C520F}.Debug|Any CPU.Build.0 = Debug|Any CPU
		{619C88BB-2B2B-46A5-87A8-015D472C520F}.Release|Any CPU.ActiveCfg = Release|Any CPU
		{619C88BB-2B2B-46A5-87A8-015D472C520F}.Release|Any CPU.Build.0 = Release|Any CPU
		{227D3879-2B5E-4A71-87EA-A0068B1BD041}.Debug|Any CPU.ActiveCfg = Debug|Any CPU
		{227D3879-2B5E-4A71-87EA-A0068B1BD041}.Debug|Any CPU.Build.0 = Debug|Any CPU
		{227D3879-2B5E-4A71-87EA-A0068B1BD041}.Release|Any CPU.ActiveCfg = Release|Any CPU
		{227D3879-2B5E-4A71-87EA-A0068B1BD041}.Release|Any CPU.Build.0 = Release|Any CPU
	EndGlobalSection
	GlobalSection(SolutionProperties) = preSolution
		HideSolutionNode = FALSE
	EndGlobalSection
	GlobalSection(ExtensibilityGlobals) = postSolution
		SolutionGuid = {715F9A32-4900-4413-8551-F0A9AD7066DA}
	EndGlobalSection
EndGlobal
